// !$*UTF8*$!
{
	archiveVersion = 1;
	classes = {
	};
	objectVersion = 55;
	objects = {

/* Begin PBXBuildFile section */
		984ACE46286E42E300F6C763 /* AppDelegate.swift in Sources */ = {isa = PBXBuildFile; fileRef = 984ACE45286E42E300F6C763 /* AppDelegate.swift */; };
		984ACE48286E42E300F6C763 /* SceneDelegate.swift in Sources */ = {isa = PBXBuildFile; fileRef = 984ACE47286E42E300F6C763 /* SceneDelegate.swift */; };
		984ACE4A286E42E300F6C763 /* MainViewController.swift in Sources */ = {isa = PBXBuildFile; fileRef = 984ACE49286E42E300F6C763 /* MainViewController.swift */; };
		984ACE4D286E42E300F6C763 /* Main.storyboard in Resources */ = {isa = PBXBuildFile; fileRef = 984ACE4B286E42E300F6C763 /* Main.storyboard */; };
		984ACE50286E42E300F6C763 /* minuteman.xcdatamodeld in Sources */ = {isa = PBXBuildFile; fileRef = 984ACE4E286E42E300F6C763 /* minuteman.xcdatamodeld */; };
		984ACE52286E42E600F6C763 /* Assets.xcassets in Resources */ = {isa = PBXBuildFile; fileRef = 984ACE51286E42E600F6C763 /* Assets.xcassets */; };
		984ACE55286E42E600F6C763 /* LaunchScreen.storyboard in Resources */ = {isa = PBXBuildFile; fileRef = 984ACE53286E42E600F6C763 /* LaunchScreen.storyboard */; };
		984ACE5E286E524500F6C763 /* MinuteCollectionViewCell.swift in Sources */ = {isa = PBXBuildFile; fileRef = 984ACE5C286E524500F6C763 /* MinuteCollectionViewCell.swift */; };
		984ACE5F286E524500F6C763 /* MinuteCollectionViewCell.xib in Resources */ = {isa = PBXBuildFile; fileRef = 984ACE5D286E524500F6C763 /* MinuteCollectionViewCell.xib */; };
		984ACE64286E535000F6C763 /* ActivityCollectionViewCell.swift in Sources */ = {isa = PBXBuildFile; fileRef = 984ACE62286E535000F6C763 /* ActivityCollectionViewCell.swift */; };
		984ACE65286E535000F6C763 /* ActivityCollectionViewCell.xib in Resources */ = {isa = PBXBuildFile; fileRef = 984ACE63286E535000F6C763 /* ActivityCollectionViewCell.xib */; };
		984ACE6A2873771F00F6C763 /* Minute+CoreDataClass.swift in Sources */ = {isa = PBXBuildFile; fileRef = 984ACE662873771F00F6C763 /* Minute+CoreDataClass.swift */; };
		984ACE6B2873771F00F6C763 /* Minute+CoreDataProperties.swift in Sources */ = {isa = PBXBuildFile; fileRef = 984ACE672873771F00F6C763 /* Minute+CoreDataProperties.swift */; };
		984ACE6C2873771F00F6C763 /* Activity+CoreDataClass.swift in Sources */ = {isa = PBXBuildFile; fileRef = 984ACE682873771F00F6C763 /* Activity+CoreDataClass.swift */; };
		984ACE6D2873771F00F6C763 /* Activity+CoreDataProperties.swift in Sources */ = {isa = PBXBuildFile; fileRef = 984ACE692873771F00F6C763 /* Activity+CoreDataProperties.swift */; };
		984ACE7128737CA900F6C763 /* AddActivityCollectionViewCell.swift in Sources */ = {isa = PBXBuildFile; fileRef = 984ACE6F28737CA900F6C763 /* AddActivityCollectionViewCell.swift */; };
		984ACE7228737CA900F6C763 /* AddActivityCollectionViewCell.xib in Resources */ = {isa = PBXBuildFile; fileRef = 984ACE7028737CA900F6C763 /* AddActivityCollectionViewCell.xib */; };
		984ACE7628737F6900F6C763 /* AddActivityViewController.swift in Sources */ = {isa = PBXBuildFile; fileRef = 984ACE7528737F6900F6C763 /* AddActivityViewController.swift */; };
		984ACE782874DA1500F6C763 /* Extensions.swift in Sources */ = {isa = PBXBuildFile; fileRef = 984ACE772874DA1500F6C763 /* Extensions.swift */; };
		984ACE7C2874E2CF00F6C763 /* EmojiCollectionViewCell.swift in Sources */ = {isa = PBXBuildFile; fileRef = 984ACE7A2874E2CF00F6C763 /* EmojiCollectionViewCell.swift */; };
		984ACE7D2874E2CF00F6C763 /* EmojiCollectionViewCell.xib in Resources */ = {isa = PBXBuildFile; fileRef = 984ACE7B2874E2CF00F6C763 /* EmojiCollectionViewCell.xib */; };
		984ACE802880D8F800F6C763 /* ActivityEvent+CoreDataClass.swift in Sources */ = {isa = PBXBuildFile; fileRef = 984ACE7E2880D8F800F6C763 /* ActivityEvent+CoreDataClass.swift */; };
		984ACE812880D8F800F6C763 /* ActivityEvent+CoreDataProperties.swift in Sources */ = {isa = PBXBuildFile; fileRef = 984ACE7F2880D8F800F6C763 /* ActivityEvent+CoreDataProperties.swift */; };
/* End PBXBuildFile section */

/* Begin PBXFileReference section */
		984ACE42286E42E300F6C763 /* minuteman.app */ = {isa = PBXFileReference; explicitFileType = wrapper.application; includeInIndex = 0; path = minuteman.app; sourceTree = BUILT_PRODUCTS_DIR; };
		984ACE45286E42E300F6C763 /* AppDelegate.swift */ = {isa = PBXFileReference; lastKnownFileType = sourcecode.swift; path = AppDelegate.swift; sourceTree = "<group>"; };
		984ACE47286E42E300F6C763 /* SceneDelegate.swift */ = {isa = PBXFileReference; lastKnownFileType = sourcecode.swift; path = SceneDelegate.swift; sourceTree = "<group>"; };
		984ACE49286E42E300F6C763 /* MainViewController.swift */ = {isa = PBXFileReference; lastKnownFileType = sourcecode.swift; path = MainViewController.swift; sourceTree = "<group>"; };
		984ACE4C286E42E300F6C763 /* Base */ = {isa = PBXFileReference; lastKnownFileType = file.storyboard; name = Base; path = Base.lproj/Main.storyboard; sourceTree = "<group>"; };
		984ACE4F286E42E300F6C763 /* minuteman.xcdatamodel */ = {isa = PBXFileReference; lastKnownFileType = wrapper.xcdatamodel; path = minuteman.xcdatamodel; sourceTree = "<group>"; };
		984ACE51286E42E600F6C763 /* Assets.xcassets */ = {isa = PBXFileReference; lastKnownFileType = folder.assetcatalog; path = Assets.xcassets; sourceTree = "<group>"; };
		984ACE54286E42E600F6C763 /* Base */ = {isa = PBXFileReference; lastKnownFileType = file.storyboard; name = Base; path = Base.lproj/LaunchScreen.storyboard; sourceTree = "<group>"; };
		984ACE56286E42E600F6C763 /* Info.plist */ = {isa = PBXFileReference; lastKnownFileType = text.plist.xml; path = Info.plist; sourceTree = "<group>"; };
		984ACE5C286E524500F6C763 /* MinuteCollectionViewCell.swift */ = {isa = PBXFileReference; lastKnownFileType = sourcecode.swift; path = MinuteCollectionViewCell.swift; sourceTree = "<group>"; };
		984ACE5D286E524500F6C763 /* MinuteCollectionViewCell.xib */ = {isa = PBXFileReference; lastKnownFileType = file.xib; path = MinuteCollectionViewCell.xib; sourceTree = "<group>"; };
		984ACE62286E535000F6C763 /* ActivityCollectionViewCell.swift */ = {isa = PBXFileReference; lastKnownFileType = sourcecode.swift; path = ActivityCollectionViewCell.swift; sourceTree = "<group>"; };
		984ACE63286E535000F6C763 /* ActivityCollectionViewCell.xib */ = {isa = PBXFileReference; lastKnownFileType = file.xib; path = ActivityCollectionViewCell.xib; sourceTree = "<group>"; };
		984ACE662873771F00F6C763 /* Minute+CoreDataClass.swift */ = {isa = PBXFileReference; lastKnownFileType = sourcecode.swift; path = "Minute+CoreDataClass.swift"; sourceTree = "<group>"; };
		984ACE672873771F00F6C763 /* Minute+CoreDataProperties.swift */ = {isa = PBXFileReference; lastKnownFileType = sourcecode.swift; path = "Minute+CoreDataProperties.swift"; sourceTree = "<group>"; };
		984ACE682873771F00F6C763 /* Activity+CoreDataClass.swift */ = {isa = PBXFileReference; lastKnownFileType = sourcecode.swift; path = "Activity+CoreDataClass.swift"; sourceTree = "<group>"; };
		984ACE692873771F00F6C763 /* Activity+CoreDataProperties.swift */ = {isa = PBXFileReference; lastKnownFileType = sourcecode.swift; path = "Activity+CoreDataProperties.swift"; sourceTree = "<group>"; };
		984ACE6F28737CA900F6C763 /* AddActivityCollectionViewCell.swift */ = {isa = PBXFileReference; lastKnownFileType = sourcecode.swift; path = AddActivityCollectionViewCell.swift; sourceTree = "<group>"; };
		984ACE7028737CA900F6C763 /* AddActivityCollectionViewCell.xib */ = {isa = PBXFileReference; lastKnownFileType = file.xib; path = AddActivityCollectionViewCell.xib; sourceTree = "<group>"; };
		984ACE7528737F6900F6C763 /* AddActivityViewController.swift */ = {isa = PBXFileReference; lastKnownFileType = sourcecode.swift; path = AddActivityViewController.swift; sourceTree = "<group>"; };
		984ACE772874DA1500F6C763 /* Extensions.swift */ = {isa = PBXFileReference; lastKnownFileType = sourcecode.swift; path = Extensions.swift; sourceTree = "<group>"; };
		984ACE7A2874E2CF00F6C763 /* EmojiCollectionViewCell.swift */ = {isa = PBXFileReference; lastKnownFileType = sourcecode.swift; path = EmojiCollectionViewCell.swift; sourceTree = "<group>"; };
		984ACE7B2874E2CF00F6C763 /* EmojiCollectionViewCell.xib */ = {isa = PBXFileReference; lastKnownFileType = file.xib; path = EmojiCollectionViewCell.xib; sourceTree = "<group>"; };
		984ACE7E2880D8F800F6C763 /* ActivityEvent+CoreDataClass.swift */ = {isa = PBXFileReference; lastKnownFileType = sourcecode.swift; path = "ActivityEvent+CoreDataClass.swift"; sourceTree = "<group>"; };
		984ACE7F2880D8F800F6C763 /* ActivityEvent+CoreDataProperties.swift */ = {isa = PBXFileReference; lastKnownFileType = sourcecode.swift; path = "ActivityEvent+CoreDataProperties.swift"; sourceTree = "<group>"; };
/* End PBXFileReference section */

/* Begin PBXFrameworksBuildPhase section */
		984ACE3F286E42E300F6C763 /* Frameworks */ = {
			isa = PBXFrameworksBuildPhase;
			buildActionMask = 2147483647;
			files = (
			);
			runOnlyForDeploymentPostprocessing = 0;
		};
/* End PBXFrameworksBuildPhase section */

/* Begin PBXGroup section */
		984ACE39286E42E300F6C763 = {
			isa = PBXGroup;
			children = (
				984ACE44286E42E300F6C763 /* minuteman */,
				984ACE43286E42E300F6C763 /* Products */,
			);
			sourceTree = "<group>";
		};
		984ACE43286E42E300F6C763 /* Products */ = {
			isa = PBXGroup;
			children = (
				984ACE42286E42E300F6C763 /* minuteman.app */,
			);
			name = Products;
			sourceTree = "<group>";
		};
		984ACE44286E42E300F6C763 /* minuteman */ = {
			isa = PBXGroup;
			children = (
				984ACE7328737EC600F6C763 /* Screens */,
				984ACE6E2873773C00F6C763 /* Models */,
				984ACE45286E42E300F6C763 /* AppDelegate.swift */,
				984ACE47286E42E300F6C763 /* SceneDelegate.swift */,
				984ACE4B286E42E300F6C763 /* Main.storyboard */,
				984ACE772874DA1500F6C763 /* Extensions.swift */,
				984ACE51286E42E600F6C763 /* Assets.xcassets */,
				984ACE53286E42E600F6C763 /* LaunchScreen.storyboard */,
				984ACE56286E42E600F6C763 /* Info.plist */,
				984ACE4E286E42E300F6C763 /* minuteman.xcdatamodeld */,
			);
			path = minuteman;
			sourceTree = "<group>";
		};
		984ACE60286E526000F6C763 /* MainViewController */ = {
			isa = PBXGroup;
			children = (
				984ACE61286E528300F6C763 /* collectionViewCells */,
				984ACE49286E42E300F6C763 /* MainViewController.swift */,
			);
			path = MainViewController;
			sourceTree = "<group>";
		};
		984ACE61286E528300F6C763 /* collectionViewCells */ = {
			isa = PBXGroup;
			children = (
				984ACE5C286E524500F6C763 /* MinuteCollectionViewCell.swift */,
				984ACE5D286E524500F6C763 /* MinuteCollectionViewCell.xib */,
				984ACE62286E535000F6C763 /* ActivityCollectionViewCell.swift */,
				984ACE63286E535000F6C763 /* ActivityCollectionViewCell.xib */,
				984ACE6F28737CA900F6C763 /* AddActivityCollectionViewCell.swift */,
				984ACE7028737CA900F6C763 /* AddActivityCollectionViewCell.xib */,
			);
			path = collectionViewCells;
			sourceTree = "<group>";
		};
		984ACE6E2873773C00F6C763 /* Models */ = {
			isa = PBXGroup;
			children = (
				984ACE7E2880D8F800F6C763 /* ActivityEvent+CoreDataClass.swift */,
				984ACE7F2880D8F800F6C763 /* ActivityEvent+CoreDataProperties.swift */,
				984ACE662873771F00F6C763 /* Minute+CoreDataClass.swift */,
				984ACE672873771F00F6C763 /* Minute+CoreDataProperties.swift */,
				984ACE682873771F00F6C763 /* Activity+CoreDataClass.swift */,
				984ACE692873771F00F6C763 /* Activity+CoreDataProperties.swift */,
			);
			path = Models;
			sourceTree = "<group>";
		};
		984ACE7328737EC600F6C763 /* Screens */ = {
			isa = PBXGroup;
			children = (
				984ACE7428737EE100F6C763 /* AddActivityViewController */,
				984ACE60286E526000F6C763 /* MainViewController */,
			);
			path = Screens;
			sourceTree = "<group>";
		};
		984ACE7428737EE100F6C763 /* AddActivityViewController */ = {
			isa = PBXGroup;
			children = (
				984ACE792874E2AF00F6C763 /* collectionViewCells */,
				984ACE7528737F6900F6C763 /* AddActivityViewController.swift */,
			);
			path = AddActivityViewController;
			sourceTree = "<group>";
		};
		984ACE792874E2AF00F6C763 /* collectionViewCells */ = {
			isa = PBXGroup;
			children = (
				984ACE7A2874E2CF00F6C763 /* EmojiCollectionViewCell.swift */,
				984ACE7B2874E2CF00F6C763 /* EmojiCollectionViewCell.xib */,
			);
			path = collectionViewCells;
			sourceTree = "<group>";
		};
/* End PBXGroup section */

/* Begin PBXNativeTarget section */
		984ACE41286E42E300F6C763 /* minuteman */ = {
			isa = PBXNativeTarget;
			buildConfigurationList = 984ACE59286E42E600F6C763 /* Build configuration list for PBXNativeTarget "minuteman" */;
			buildPhases = (
				984ACE3E286E42E300F6C763 /* Sources */,
				984ACE3F286E42E300F6C763 /* Frameworks */,
				984ACE40286E42E300F6C763 /* Resources */,
			);
			buildRules = (
			);
			dependencies = (
			);
			name = minuteman;
			productName = minuteman;
			productReference = 984ACE42286E42E300F6C763 /* minuteman.app */;
			productType = "com.apple.product-type.application";
		};
/* End PBXNativeTarget section */

/* Begin PBXProject section */
		984ACE3A286E42E300F6C763 /* Project object */ = {
			isa = PBXProject;
			attributes = {
				BuildIndependentTargetsInParallel = 1;
				LastSwiftUpdateCheck = 1330;
				LastUpgradeCheck = 1330;
				TargetAttributes = {
					984ACE41286E42E300F6C763 = {
						CreatedOnToolsVersion = 13.3.1;
					};
				};
			};
			buildConfigurationList = 984ACE3D286E42E300F6C763 /* Build configuration list for PBXProject "minuteman" */;
			compatibilityVersion = "Xcode 13.0";
			developmentRegion = en;
			hasScannedForEncodings = 0;
			knownRegions = (
				en,
				Base,
			);
			mainGroup = 984ACE39286E42E300F6C763;
			productRefGroup = 984ACE43286E42E300F6C763 /* Products */;
			projectDirPath = "";
			projectRoot = "";
			targets = (
				984ACE41286E42E300F6C763 /* minuteman */,
			);
		};
/* End PBXProject section */

/* Begin PBXResourcesBuildPhase section */
		984ACE40286E42E300F6C763 /* Resources */ = {
			isa = PBXResourcesBuildPhase;
			buildActionMask = 2147483647;
			files = (
				984ACE55286E42E600F6C763 /* LaunchScreen.storyboard in Resources */,
				984ACE52286E42E600F6C763 /* Assets.xcassets in Resources */,
				984ACE5F286E524500F6C763 /* MinuteCollectionViewCell.xib in Resources */,
				984ACE7228737CA900F6C763 /* AddActivityCollectionViewCell.xib in Resources */,
				984ACE4D286E42E300F6C763 /* Main.storyboard in Resources */,
				984ACE7D2874E2CF00F6C763 /* EmojiCollectionViewCell.xib in Resources */,
				984ACE65286E535000F6C763 /* ActivityCollectionViewCell.xib in Resources */,
			);
			runOnlyForDeploymentPostprocessing = 0;
		};
/* End PBXResourcesBuildPhase section */

/* Begin PBXSourcesBuildPhase section */
		984ACE3E286E42E300F6C763 /* Sources */ = {
			isa = PBXSourcesBuildPhase;
			buildActionMask = 2147483647;
			files = (
				984ACE802880D8F800F6C763 /* ActivityEvent+CoreDataClass.swift in Sources */,
				984ACE50286E42E300F6C763 /* minuteman.xcdatamodeld in Sources */,
				984ACE4A286E42E300F6C763 /* MainViewController.swift in Sources */,
				984ACE6D2873771F00F6C763 /* Activity+CoreDataProperties.swift in Sources */,
				984ACE7628737F6900F6C763 /* AddActivityViewController.swift in Sources */,
				984ACE64286E535000F6C763 /* ActivityCollectionViewCell.swift in Sources */,
				984ACE5E286E524500F6C763 /* MinuteCollectionViewCell.swift in Sources */,
				984ACE6C2873771F00F6C763 /* Activity+CoreDataClass.swift in Sources */,
				984ACE7C2874E2CF00F6C763 /* EmojiCollectionViewCell.swift in Sources */,
				984ACE46286E42E300F6C763 /* AppDelegate.swift in Sources */,
				984ACE782874DA1500F6C763 /* Extensions.swift in Sources */,
				984ACE6A2873771F00F6C763 /* Minute+CoreDataClass.swift in Sources */,
				984ACE48286E42E300F6C763 /* SceneDelegate.swift in Sources */,
				984ACE812880D8F800F6C763 /* ActivityEvent+CoreDataProperties.swift in Sources */,
				984ACE7128737CA900F6C763 /* AddActivityCollectionViewCell.swift in Sources */,
				984ACE6B2873771F00F6C763 /* Minute+CoreDataProperties.swift in Sources */,
			);
			runOnlyForDeploymentPostprocessing = 0;
		};
/* End PBXSourcesBuildPhase section */

/* Begin PBXVariantGroup section */
		984ACE4B286E42E300F6C763 /* Main.storyboard */ = {
			isa = PBXVariantGroup;
			children = (
				984ACE4C286E42E300F6C763 /* Base */,
			);
			name = Main.storyboard;
			sourceTree = "<group>";
		};
		984ACE53286E42E600F6C763 /* LaunchScreen.storyboard */ = {
			isa = PBXVariantGroup;
			children = (
				984ACE54286E42E600F6C763 /* Base */,
			);
			name = LaunchScreen.storyboard;
			sourceTree = "<group>";
		};
/* End PBXVariantGroup section */

/* Begin XCBuildConfiguration section */
		984ACE57286E42E600F6C763 /* Debug */ = {
			isa = XCBuildConfiguration;
			buildSettings = {
				ALWAYS_SEARCH_USER_PATHS = NO;
				CLANG_ANALYZER_NONNULL = YES;
				CLANG_ANALYZER_NUMBER_OBJECT_CONVERSION = YES_AGGRESSIVE;
				CLANG_CXX_LANGUAGE_STANDARD = "gnu++17";
				CLANG_ENABLE_MODULES = YES;
				CLANG_ENABLE_OBJC_ARC = YES;
				CLANG_ENABLE_OBJC_WEAK = YES;
				CLANG_WARN_BLOCK_CAPTURE_AUTORELEASING = YES;
				CLANG_WARN_BOOL_CONVERSION = YES;
				CLANG_WARN_COMMA = YES;
				CLANG_WARN_CONSTANT_CONVERSION = YES;
				CLANG_WARN_DEPRECATED_OBJC_IMPLEMENTATIONS = YES;
				CLANG_WARN_DIRECT_OBJC_ISA_USAGE = YES_ERROR;
				CLANG_WARN_DOCUMENTATION_COMMENTS = YES;
				CLANG_WARN_EMPTY_BODY = YES;
				CLANG_WARN_ENUM_CONVERSION = YES;
				CLANG_WARN_INFINITE_RECURSION = YES;
				CLANG_WARN_INT_CONVERSION = YES;
				CLANG_WARN_NON_LITERAL_NULL_CONVERSION = YES;
				CLANG_WARN_OBJC_IMPLICIT_RETAIN_SELF = YES;
				CLANG_WARN_OBJC_LITERAL_CONVERSION = YES;
				CLANG_WARN_OBJC_ROOT_CLASS = YES_ERROR;
				CLANG_WARN_QUOTED_INCLUDE_IN_FRAMEWORK_HEADER = YES;
				CLANG_WARN_RANGE_LOOP_ANALYSIS = YES;
				CLANG_WARN_STRICT_PROTOTYPES = YES;
				CLANG_WARN_SUSPICIOUS_MOVE = YES;
				CLANG_WARN_UNGUARDED_AVAILABILITY = YES_AGGRESSIVE;
				CLANG_WARN_UNREACHABLE_CODE = YES;
				CLANG_WARN__DUPLICATE_METHOD_MATCH = YES;
				COPY_PHASE_STRIP = NO;
				DEBUG_INFORMATION_FORMAT = dwarf;
				ENABLE_STRICT_OBJC_MSGSEND = YES;
				ENABLE_TESTABILITY = YES;
				GCC_C_LANGUAGE_STANDARD = gnu11;
				GCC_DYNAMIC_NO_PIC = NO;
				GCC_NO_COMMON_BLOCKS = YES;
				GCC_OPTIMIZATION_LEVEL = 0;
				GCC_PREPROCESSOR_DEFINITIONS = (
					"DEBUG=1",
					"$(inherited)",
				);
				GCC_WARN_64_TO_32_BIT_CONVERSION = YES;
				GCC_WARN_ABOUT_RETURN_TYPE = YES_ERROR;
				GCC_WARN_UNDECLARED_SELECTOR = YES;
				GCC_WARN_UNINITIALIZED_AUTOS = YES_AGGRESSIVE;
				GCC_WARN_UNUSED_FUNCTION = YES;
				GCC_WARN_UNUSED_VARIABLE = YES;
				IPHONEOS_DEPLOYMENT_TARGET = 15.4;
				MTL_ENABLE_DEBUG_INFO = INCLUDE_SOURCE;
				MTL_FAST_MATH = YES;
				ONLY_ACTIVE_ARCH = YES;
				SDKROOT = iphoneos;
				SWIFT_ACTIVE_COMPILATION_CONDITIONS = DEBUG;
				SWIFT_OPTIMIZATION_LEVEL = "-Onone";
			};
			name = Debug;
		};
		984ACE58286E42E600F6C763 /* Release */ = {
			isa = XCBuildConfiguration;
			buildSettings = {
				ALWAYS_SEARCH_USER_PATHS = NO;
				CLANG_ANALYZER_NONNULL = YES;
				CLANG_ANALYZER_NUMBER_OBJECT_CONVERSION = YES_AGGRESSIVE;
				CLANG_CXX_LANGUAGE_STANDARD = "gnu++17";
				CLANG_ENABLE_MODULES = YES;
				CLANG_ENABLE_OBJC_ARC = YES;
				CLANG_ENABLE_OBJC_WEAK = YES;
				CLANG_WARN_BLOCK_CAPTURE_AUTORELEASING = YES;
				CLANG_WARN_BOOL_CONVERSION = YES;
				CLANG_WARN_COMMA = YES;
				CLANG_WARN_CONSTANT_CONVERSION = YES;
				CLANG_WARN_DEPRECATED_OBJC_IMPLEMENTATIONS = YES;
				CLANG_WARN_DIRECT_OBJC_ISA_USAGE = YES_ERROR;
				CLANG_WARN_DOCUMENTATION_COMMENTS = YES;
				CLANG_WARN_EMPTY_BODY = YES;
				CLANG_WARN_ENUM_CONVERSION = YES;
				CLANG_WARN_INFINITE_RECURSION = YES;
				CLANG_WARN_INT_CONVERSION = YES;
				CLANG_WARN_NON_LITERAL_NULL_CONVERSION = YES;
				CLANG_WARN_OBJC_IMPLICIT_RETAIN_SELF = YES;
				CLANG_WARN_OBJC_LITERAL_CONVERSION = YES;
				CLANG_WARN_OBJC_ROOT_CLASS = YES_ERROR;
				CLANG_WARN_QUOTED_INCLUDE_IN_FRAMEWORK_HEADER = YES;
				CLANG_WARN_RANGE_LOOP_ANALYSIS = YES;
				CLANG_WARN_STRICT_PROTOTYPES = YES;
				CLANG_WARN_SUSPICIOUS_MOVE = YES;
				CLANG_WARN_UNGUARDED_AVAILABILITY = YES_AGGRESSIVE;
				CLANG_WARN_UNREACHABLE_CODE = YES;
				CLANG_WARN__DUPLICATE_METHOD_MATCH = YES;
				COPY_PHASE_STRIP = NO;
				DEBUG_INFORMATION_FORMAT = "dwarf-with-dsym";
				ENABLE_NS_ASSERTIONS = NO;
				ENABLE_STRICT_OBJC_MSGSEND = YES;
				GCC_C_LANGUAGE_STANDARD = gnu11;
				GCC_NO_COMMON_BLOCKS = YES;
				GCC_WARN_64_TO_32_BIT_CONVERSION = YES;
				GCC_WARN_ABOUT_RETURN_TYPE = YES_ERROR;
				GCC_WARN_UNDECLARED_SELECTOR = YES;
				GCC_WARN_UNINITIALIZED_AUTOS = YES_AGGRESSIVE;
				GCC_WARN_UNUSED_FUNCTION = YES;
				GCC_WARN_UNUSED_VARIABLE = YES;
				IPHONEOS_DEPLOYMENT_TARGET = 15.4;
				MTL_ENABLE_DEBUG_INFO = NO;
				MTL_FAST_MATH = YES;
				SDKROOT = iphoneos;
				SWIFT_COMPILATION_MODE = wholemodule;
				SWIFT_OPTIMIZATION_LEVEL = "-O";
				VALIDATE_PRODUCT = YES;
			};
			name = Release;
		};
		984ACE5A286E42E600F6C763 /* Debug */ = {
			isa = XCBuildConfiguration;
			buildSettings = {
				ASSETCATALOG_COMPILER_APPICON_NAME = AppIcon;
				ASSETCATALOG_COMPILER_GLOBAL_ACCENT_COLOR_NAME = AccentColor;
				CODE_SIGN_STYLE = Automatic;
				CURRENT_PROJECT_VERSION = 1;
				DEVELOPMENT_TEAM = C6GL8VL4N6;
				GENERATE_INFOPLIST_FILE = YES;
				INFOPLIST_FILE = minuteman/Info.plist;
				INFOPLIST_KEY_UIApplicationSupportsIndirectInputEvents = YES;
				INFOPLIST_KEY_UILaunchStoryboardName = LaunchScreen;
				INFOPLIST_KEY_UIMainStoryboardFile = Main;
				INFOPLIST_KEY_UISupportedInterfaceOrientations_iPad = "UIInterfaceOrientationPortrait UIInterfaceOrientationPortraitUpsideDown UIInterfaceOrientationLandscapeLeft UIInterfaceOrientationLandscapeRight";
				INFOPLIST_KEY_UISupportedInterfaceOrientations_iPhone = "UIInterfaceOrientationPortrait UIInterfaceOrientationLandscapeLeft UIInterfaceOrientationLandscapeRight";
				LD_RUNPATH_SEARCH_PATHS = (
					"$(inherited)",
					"@executable_path/Frameworks",
				);
				MARKETING_VERSION = 1.0;
				PRODUCT_BUNDLE_IDENTIFIER = aerlinn.minuteman;
				PRODUCT_NAME = "$(TARGET_NAME)";
				SWIFT_EMIT_LOC_STRINGS = YES;
				SWIFT_VERSION = 5.0;
				TARGETED_DEVICE_FAMILY = "1,2";
			};
			name = Debug;
		};
		984ACE5B286E42E600F6C763 /* Release */ = {
			isa = XCBuildConfiguration;
			buildSettings = {
				ASSETCATALOG_COMPILER_APPICON_NAME = AppIcon;
				ASSETCATALOG_COMPILER_GLOBAL_ACCENT_COLOR_NAME = AccentColor;
				CODE_SIGN_STYLE = Automatic;
				CURRENT_PROJECT_VERSION = 1;
				DEVELOPMENT_TEAM = C6GL8VL4N6;
				GENERATE_INFOPLIST_FILE = YES;
				INFOPLIST_FILE = minuteman/Info.plist;
				INFOPLIST_KEY_UIApplicationSupportsIndirectInputEvents = YES;
				INFOPLIST_KEY_UILaunchStoryboardName = LaunchScreen;
				INFOPLIST_KEY_UIMainStoryboardFile = Main;
				INFOPLIST_KEY_UISupportedInterfaceOrientations_iPad = "UIInterfaceOrientationPortrait UIInterfaceOrientationPortraitUpsideDown UIInterfaceOrientationLandscapeLeft UIInterfaceOrientationLandscapeRight";
				INFOPLIST_KEY_UISupportedInterfaceOrientations_iPhone = "UIInterfaceOrientationPortrait UIInterfaceOrientationLandscapeLeft UIInterfaceOrientationLandscapeRight";
				LD_RUNPATH_SEARCH_PATHS = (
					"$(inherited)",
					"@executable_path/Frameworks",
				);
				MARKETING_VERSION = 1.0;
				PRODUCT_BUNDLE_IDENTIFIER = aerlinn.minuteman;
				PRODUCT_NAME = "$(TARGET_NAME)";
				SWIFT_EMIT_LOC_STRINGS = YES;
				SWIFT_VERSION = 5.0;
				TARGETED_DEVICE_FAMILY = "1,2";
			};
			name = Release;
		};
/* End XCBuildConfiguration section */

/* Begin XCConfigurationList section */
		984ACE3D286E42E300F6C763 /* Build configuration list for PBXProject "minuteman" */ = {
			isa = XCConfigurationList;
			buildConfigurations = (
				984ACE57286E42E600F6C763 /* Debug */,
				984ACE58286E42E600F6C763 /* Release */,
			);
			defaultConfigurationIsVisible = 0;
			defaultConfigurationName = Release;
		};
		984ACE59286E42E600F6C763 /* Build configuration list for PBXNativeTarget "minuteman" */ = {
			isa = XCConfigurationList;
			buildConfigurations = (
				984ACE5A286E42E600F6C763 /* Debug */,
				984ACE5B286E42E600F6C763 /* Release */,
			);
			defaultConfigurationIsVisible = 0;
			defaultConfigurationName = Release;
		};
/* End XCConfigurationList section */

/* Begin XCVersionGroup section */
		984ACE4E286E42E300F6C763 /* minuteman.xcdatamodeld */ = {
			isa = XCVersionGroup;
			children = (
				984ACE4F286E42E300F6C763 /* minuteman.xcdatamodel */,
			);
			currentVersion = 984ACE4F286E42E300F6C763 /* minuteman.xcdatamodel */;
			path = minuteman.xcdatamodeld;
			sourceTree = "<group>";
			versionGroupType = wrapper.xcdatamodel;
		};
/* End XCVersionGroup section */
	};
	rootObject = 984ACE3A286E42E300F6C763 /* Project object */;
}
